{
  "name": "neovim",
  "lockfileVersion": 3,
  "requires": true,
  "packages": {
    "": {
      "dependencies": {
        "css-language-server": "^0.0.2"
      }
    },
    "node_modules/css-language-server": {
      "version": "0.0.2",
      "resolved": "https://registry.npmjs.org/css-language-server/-/css-language-server-0.0.2.tgz",
      "integrity": "sha512-qhRXERSF4K2vVnWZfaMxuSAdp884oIHAVUwL5X1fiN+5ahW0fAjkYynMQSVALV6AKbxeDlaUQ9NB2u3GnPyd3w==",
      "license": "MIT",
      "dependencies": {
        "vscode-css-languageservice": "^3.0.0",
        "vscode-languageserver": "^3.5.0"
      },
      "bin": {
        "css-language-server": "lib/cli.js"
      }
    },
    "node_modules/vscode-css-languageservice": {
      "version": "3.0.13",
      "resolved": "https://registry.npmjs.org/vscode-css-languageservice/-/vscode-css-languageservice-3.0.13.tgz",
      "integrity": "sha512-RWkO/c/A7iXhHEy3OuEqkCqavDjpD4NF2Ca8vjai+ZtEYNeHrm1ybTnBYLP4Ft1uXvvaaVtYA9HrDjD6+CUONg==",
      "license": "MIT",
      "dependencies": {
        "vscode-languageserver-types": "^3.13.0",
        "vscode-nls": "^4.0.0"
      }
    },
    "node_modules/vscode-jsonrpc": {
      "version": "3.5.0",
      "resolved": "https://registry.npmjs.org/vscode-jsonrpc/-/vscode-jsonrpc-3.5.0.tgz",
      "integrity": "sha512-LeE9LS1IOIRDZy5Xugrbk2tKeMa64vkRODrXPZbwyn2l/Q0e/jyYq8ze/Lo96sjOFiRe3HHbTVN39Ta8KN2RpA==",
      "license": "MIT",
      "engines": {
        "node": ">=4.0.0 || >=6.0.0"
      }
    },
    "node_modules/vscode-languageserver": {
      "version": "3.5.1",
      "resolved": "https://registry.npmjs.org/vscode-languageserver/-/vscode-languageserver-3.5.1.tgz",
      "integrity": "sha512-RYUKn0DgHTFcS8kS4VaNCjNMaQXYqiXdN9bKrFjXzu5RPKfjIYcoh47oVWwZj4L3R/DPB0Se7HPaDatvYY2XgQ==",
      "license": "MIT",
      "dependencies": {
        "vscode-languageserver-protocol": "3.5.1",
        "vscode-uri": "^1.0.1"
      },
      "bin": {
        "installServerIntoExtension": "bin/installServerIntoExtension"
      }
    },
    "node_modules/vscode-languageserver-protocol": {
      "version": "3.5.1",
      "resolved": "https://registry.npmjs.org/vscode-languageserver-protocol/-/vscode-languageserver-protocol-3.5.1.tgz",
      "integrity": "sha512-1fPDIwsAv1difCV+8daOrJEGunClNJWqnUHq/ncWrjhitKWXgGmRCjlwZ3gDUTt54yRcvXz1PXJDaRNvNH6pYA==",
      "license": "MIT",
      "dependencies": {
        "vscode-jsonrpc": "3.5.0",
        "vscode-languageserver-types": "3.5.0"
      }
    },
    "node_modules/vscode-languageserver-protocol/node_modules/vscode-languageserver-types": {
      "version": "3.5.0",
      "resolved": "https://registry.npmjs.org/vscode-languageserver-types/-/vscode-languageserver-types-3.5.0.tgz",
      "integrity": "sha512-D4rUfu/oKYdc9Tmec0nEfedj+uXO2tZHR+eoHs9rE9G/QpRyZaHuug8ZUNGTGdO+ALLGgenL6bRpY8y3J9acHg==",
      "license": "MIT"
    },
    "node_modules/vscode-languageserver-types": {
      "version": "3.17.5",
      "resolved": "https://registry.npmjs.org/vscode-languageserver-types/-/vscode-languageserver-types-3.17.5.tgz",
      "integrity": "sha512-Ld1VelNuX9pdF39h2Hgaeb5hEZM2Z3jUrrMgWQAu82jMtZp7p3vJT3BzToKtZI7NgQssZje5o0zryOrhQvzQAg==",
      "license": "MIT"
    },
    "node_modules/vscode-nls": {
      "version": "4.1.2",
      "resolved": "https://registry.npmjs.org/vscode-nls/-/vscode-nls-4.1.2.tgz",
      "integrity": "sha512-7bOHxPsfyuCqmP+hZXscLhiHwe7CSuFE4hyhbs22xPIhQ4jv99FcR4eBzfYYVLP356HNFpdvz63FFb/xw6T4Iw==",
      "license": "MIT"
    },
    "node_modules/vscode-uri": {
      "version": "1.0.8",
      "resolved": "https://registry.npmjs.org/vscode-uri/-/vscode-uri-1.0.8.tgz",
      "integrity": "sha512-obtSWTlbJ+a+TFRYGaUumtVwb+InIUVI0Lu0VBUAPmj2cU5JutEXg3xUE0c2J5Tcy7h2DEKVJBFi+Y9ZSFzzPQ==",
      "license": "MIT"
    }
  }
}
